# This file is autogenerated, do not edit; changes may be undone by the next 'dep ensure'.

[[projects]]
  branch = "master"
  name = "github.com/yhirose/go-peg"
  packages = ["."]
  revision = "c8117740a0f61db237cc43aa03aadfcb437d9df5"

[solve-meta]
  analyzer-name = "dep"
  analyzer-version = 1
  inputs-digest = "295ff6605afdab2308d3b1e36638bc0656f3fe844818d45504e29611c84f8506"
  solver-name = "gps-cdcl"
  solver-version = 1
